
Microsoft Visual Studio Solution File, Format Version 12.00
# Visual Studio Version 17
VisualStudioVersion = 17.13.35931.197 d17.13
MinimumVisualStudioVersion = 10.0.40219.1
Project("{8BC9CEB8-8B4A-11D0-8D11-00A0C91BC942}") = "SDL_3.2.24", "SDL_3.2.24.vcxproj", "{92D280FA-129E-4A2F-B7F1-7D55F7057FFD}"
EndProject
Global
	GlobalSection(SolutionConfigurationPlatforms) = preSolution
		Debug|x64 = Debug|x64
		Debug|x86 = Debug|x86
		Release|x64 = Release|x64
		Release|x86 = Release|x86
	EndGlobalSection
	GlobalSection(ProjectConfigurationPlatforms) = postSolution
		{92D280FA-129E-4A2F-B7F1-7D55F7057FFD}.Debug|x64.ActiveCfg = Debug|x64
		{92D280FA-129E-4A2F-B7F1-7D55F7057FFD}.Debug|x64.Build.0 = Debug|x64
		{92D280FA-129E-4A2F-B7F1-7D55F7057FFD}.Debug|x86.ActiveCfg = Debug|Win32
		{92D280FA-129E-4A2F-B7F1-7D55F7057FFD}.Debug|x86.Build.0 = Debug|Win32
		{92D280FA-129E-4A2F-B7F1-7D55F7057FFD}.Release|x64.ActiveCfg = Release|x64
		{92D280FA-129E-4A2F-B7F1-7D55F7057FFD}.Release|x64.Build.0 = Release|x64
		{92D280FA-129E-4A2F-B7F1-7D55F7057FFD}.Release|x86.ActiveCfg = Release|Win32
		{92D280FA-129E-4A2F-B7F1-7D55F7057FFD}.Release|x86.Build.0 = Release|Win32
	EndGlobalSection
	GlobalSection(SolutionProperties) = preSolution
		HideSolutionNode = FALSE
	EndGlobalSection
	GlobalSection(ExtensibilityGlobals) = postSolution
		SolutionGuid = {E12D99D9-E2D8-43ED-91B2-2E1E43C524DB}
	EndGlobalSection
EndGlobal
